
Microsoft Visual Studio Solution File, Format Version 12.00
# Visual Studio Version 16
VisualStudioVersion = 16.0.29728.190
MinimumVisualStudioVersion = 10.0.40219.1
Project("{FAE04EC0-301F-11D3-BF4B-00C04F79EFBC}") = "Validation", "Validation\Validation.csproj", "{8BEE63F6-925F-4249-B1A7-BBF70B91DE01}"
EndProject
Global
	GlobalSection(SolutionConfigurationPlatforms) = preSolution
		Debug|Any CPU = Debug|Any CPU
		Release|Any CPU = Release|Any CPU
	EndGlobalSection
	GlobalSection(ProjectConfigurationPlatforms) = postSolution
		{8BEE63F6-925F-4249-B1A7-BBF70B91DE01}.Debug|Any CPU.ActiveCfg = Debug|Any CPU
		{8BEE63F6-925F-4249-B1A7-BBF70B91DE01}.Debug|Any CPU.Build.0 = Debug|Any CPU
		{8BEE63F6-925F-4249-B1A7-BBF70B91DE01}.Release|Any CPU.ActiveCfg = Release|Any CPU
		{8BEE63F6-925F-4249-B1A7-BBF70B91DE01}.Release|Any CPU.Build.0 = Release|Any CPU
	EndGlobalSection
	GlobalSection(SolutionProperties) = preSolution
		HideSolutionNode = FALSE
	EndGlobalSection
	GlobalSection(ExtensibilityGlobals) = postSolution
		SolutionGuid = {BEBC4992-229D-461B-809A-8D586810CBF5}
	EndGlobalSection
EndGlobal
